# THIS IS AN AUTOGENERATED FILE. DO NOT EDIT THIS FILE DIRECTLY.
# yarn lockfile v1


"@koex/body@^0.0.8":
  version "0.0.8"
  resolved "https://registry.yarnpkg.com/@koex/body/-/body-0.0.8.tgz#4e0d7bc136e444045872e4d8a7b9b555c502bdd5"
  integrity sha512-u6nwHc65ygOsfZzo7Cn+W1itrVKWcz0yK1Ucb6JKJzarA6y4UM3KFFMQ3dAlmUh6N9welUaO+Z+HHbAmScQQfQ==
  dependencies:
    "@types/formidable" "^1.0.31"
    "@zcorky/is" "^1.0.6"
    co-body "^6.0.0"
    formidable "^1.2.1"

"@koex/core@^0.0.10":
  version "0.0.10"
  resolved "https://registry.yarnpkg.com/@koex/core/-/core-0.0.10.tgz#ae9be01f4cc100ad339a7d8edc0858b0bb878345"
  integrity sha512-1RU29MBKKQIqaCnADF2iIquKFJKPuexsJs9G5CCPjzrmyWm1GkMLFlVrO0wNu/t0DUjglMvLk8f1La8B5e62aA==
  dependencies:
    "@koex/router" "^0.0.10"
    "@types/koa" "^2.0.49"
    "@types/koa-compose" "^3.2.4"
    "@zodash/compose" "^0.0.2"
    koa "^2.8.1"

"@koex/logger@^0.0.10":
  version "0.0.10"
  resolved "https://registry.yarnpkg.com/@koex/logger/-/logger-0.0.10.tgz#bda7608691e0709eea56194f144a9003b70d7053"
  integrity sha512-IK4MOaZRn21R587Ei7SFq5ycEHrwiysL98nH/DW7FB2zlk3vNkcf9GRTBsUVPD5DRREbhgmeQ1CWmXFRbaFWfg==
  dependencies:
    "@zodash/logger" "^0.0.1"

"@koex/passport-github@^0.0.11":
  version "0.0.11"
  resolved "https://registry.yarnpkg.com/@koex/passport-github/-/passport-github-0.0.11.tgz#c654e4e9549f1a27cd807528a7ca87d4a879806d"
  integrity sha512-tnBXw4wD7Km/W/mo79XlXGgRGFNK3yLtjtyu8bDslnV0aMogpiVQZbu6g84pSxVZnmhxAIuIDE6MV93uJF/Hqg==
  dependencies:
    "@koex/passport-oauth2" "^0.0.11"
    "@zcorky/query-string" "^1.0.2"
    node-fetch "^2.6.0"

"@koex/passport-oauth2@^0.0.11":
  version "0.0.11"
  resolved "https://registry.yarnpkg.com/@koex/passport-oauth2/-/passport-oauth2-0.0.11.tgz#017ba4598f308cb2cf6b4d08a96bfb85b517f121"
  integrity sha512-wz+Eknbf+6NfiyBTVkydoADlOZ6ayvcAnjAm1cxSBH5ozsWMjaTYxOC8KlVZuAzx7TEflIZD9uYsp+1YQhGN8w==
  dependencies:
    "@koex/passport" "^0.0.11"
    "@zcorky/query-string" "^1.0.2"
    node-fetch "^2.6.0"

"@koex/passport@^0.0.10":
  version "0.0.10"
  resolved "https://registry.yarnpkg.com/@koex/passport/-/passport-0.0.10.tgz#4cf4304de580f28d515e86bf4c74b6f8413c31be"
  integrity sha512-cMWflXlmowuYSomyBkPFjjflYrIfXO7p7F+IZJ6cL5mWAY6cr/CvGDBn9hrYJkwPQQKgadl9FKMYK7yApg1ktg==
  dependencies:
    "@zcorky/query-string" "^1.0.2"
    node-fetch "^2.6.0"

"@koex/passport@^0.0.11":
  version "0.0.11"
  resolved "https://registry.yarnpkg.com/@koex/passport/-/passport-0.0.11.tgz#8edaec592ca9f8fe6476026d1de4e36734eebe55"
  integrity sha512-XLv9zvvlqpc/FWYd1JDesw9z0TDcYHnUSrV9Cfw58M5Fp5RIlvXSbUTxDox4RdeRRdrsEBhsmKRodiHUvf5wXw==
  dependencies:
    "@zcorky/query-string" "^1.0.2"
    node-fetch "^2.6.0"

"@koex/router@^0.0.10":
  version "0.0.10"
  resolved "https://registry.yarnpkg.com/@koex/router/-/router-0.0.10.tgz#b498776761720fad357c66d7d390717675b09349"
  integrity sha512-XxAp+4mSmXReMp6tGjN0YYkfc4Ckd6fBr0aUQrfqVF6aMj0c2Eg+o/axG+3qCA6E8Ws9Wl9E1nKbsQP5Wzo34Q==
  dependencies:
    koa-compose "^4.1.0"
    path-to-regexp "^3.1.0"

"@types/accepts@*":
  version "1.3.5"
  resolved "https://registry.npm.taobao.org/@types/accepts/download/@types/accepts-1.3.5.tgz?cache=0&sync_timestamp=1567531770551&other_urls=https%3A%2F%2Fregistry.npm.taobao.org%2F%40types%2Faccepts%2Fdownload%2F%40types%2Faccepts-1.3.5.tgz#c34bec115cfc746e04fe5a059df4ce7e7b391575"
  integrity sha1-w0vsEVz8dG4E/loFnfTOfns5FXU=
  dependencies:
    "@types/node" "*"

"@types/basic-auth@^1.1.2":
  version "1.1.2"
  resolved "https://registry.npm.taobao.org/@types/basic-auth/download/@types/basic-auth-1.1.2.tgz#810fbded879f14327fc1d3413bdb92cfe9e24f73"
  integrity sha1-gQ+97YefFDJ/wdNBO9uSz+niT3M=
  dependencies:
    "@types/node" "*"

"@types/body-parser@*":
  version "1.17.1"
  resolved "https://registry.npm.taobao.org/@types/body-parser/download/@types/body-parser-1.17.1.tgz#18fcf61768fb5c30ccc508c21d6fd2e8b3bf7897"
  integrity sha1-GPz2F2j7XDDMxQjCHW/S6LO/eJc=
  dependencies:
    "@types/connect" "*"
    "@types/node" "*"

"@types/connect@*":
  version "3.4.32"
  resolved "https://registry.npm.taobao.org/@types/connect/download/@types/connect-3.4.32.tgz#aa0e9616b9435ccad02bc52b5b454ffc2c70ba28"
  integrity sha1-qg6WFrlDXMrQK8UrW0VP/Cxwuig=
  dependencies:
    "@types/node" "*"

"@types/cookies@*":
  version "0.7.4"
  resolved "https://registry.npm.taobao.org/@types/cookies/download/@types/cookies-0.7.4.tgz#26dedf791701abc0e36b5b79a5722f40e455f87b"
  integrity sha1-Jt7feRcBq8Dja1t5pXIvQORV+Hs=
  dependencies:
    "@types/connect" "*"
    "@types/express" "*"
    "@types/keygrip" "*"
    "@types/node" "*"

"@types/events@*":
  version "3.0.0"
  resolved "https://registry.npm.taobao.org/@types/events/download/@types/events-3.0.0.tgz?cache=0&sync_timestamp=1567532284800&other_urls=https%3A%2F%2Fregistry.npm.taobao.org%2F%40types%2Fevents%2Fdownload%2F%40types%2Fevents-3.0.0.tgz#2862f3f58a9a7f7c3e78d79f130dd4d71c25c2a7"
  integrity sha1-KGLz9Yqaf3w+eNefEw3U1xwlwqc=

"@types/express-serve-static-core@*":
  version "4.16.10"
  resolved "https://registry.npm.taobao.org/@types/express-serve-static-core/download/@types/express-serve-static-core-4.16.10.tgz?cache=0&other_urls=https%3A%2F%2Fregistry.npm.taobao.org%2F%40types%2Fexpress-serve-static-core%2Fdownload%2F%40types%2Fexpress-serve-static-core-4.16.10.tgz#3c1313c6e6b75594561b473a286f016a9abf2132"
  integrity sha1-PBMTxua3VZRWG0c6KG8Bapq/ITI=
  dependencies:
    "@types/node" "*"
    "@types/range-parser" "*"

"@types/express@*":
  version "4.17.1"
  resolved "https://registry.npm.taobao.org/@types/express/download/@types/express-4.17.1.tgz#4cf7849ae3b47125a567dfee18bfca4254b88c5c"
  integrity sha1-TPeEmuO0cSWlZ9/uGL/KQlS4jFw=
  dependencies:
    "@types/body-parser" "*"
    "@types/express-serve-static-core" "*"
    "@types/serve-static" "*"

"@types/formidable@^1.0.31":
  version "1.0.31"
  resolved "https://registry.npm.taobao.org/@types/formidable/download/@types/formidable-1.0.31.tgz#274f9dc2d0a1a9ce1feef48c24ca0859e7ec947b"
  integrity sha1-J0+dwtChqc4f7vSMJMoIWefslHs=
  dependencies:
    "@types/events" "*"
    "@types/node" "*"

"@types/http-assert@*":
  version "1.5.1"
  resolved "https://registry.npm.taobao.org/@types/http-assert/download/@types/http-assert-1.5.1.tgz#d775e93630c2469c2f980fc27e3143240335db3b"
  integrity sha1-13XpNjDCRpwvmA/CfjFDJAM12zs=

"@types/json5@^0.0.29":
  version "0.0.29"
  resolved "https://registry.npm.taobao.org/@types/json5/download/@types/json5-0.0.29.tgz#ee28707ae94e11d2b827bcbe5270bcea7f3e71ee"
  integrity sha1-7ihweulOEdK4J7y+UnC86n8+ce4=

"@types/keygrip@*":
  version "1.0.1"
  resolved "https://registry.npm.taobao.org/@types/keygrip/download/@types/keygrip-1.0.1.tgz#ff540462d2fb4d0a88441ceaf27d287b01c3d878"
  integrity sha1-/1QEYtL7TQqIRBzq8n0oewHD2Hg=

"@types/koa-compose@*", "@types/koa-compose@^3.2.4":
  version "3.2.4"
  resolved "https://registry.npm.taobao.org/@types/koa-compose/download/@types/koa-compose-3.2.4.tgz?cache=0&sync_timestamp=1567533290767&other_urls=https%3A%2F%2Fregistry.npm.taobao.org%2F%40types%2Fkoa-compose%2Fdownload%2F%40types%2Fkoa-compose-3.2.4.tgz#76a461634a59c3e13449831708bb9b355fb1548e"
  integrity sha1-dqRhY0pZw+E0SYMXCLubNV+xVI4=
  dependencies:
    "@types/koa" "*"

"@types/koa@*", "@types/koa@^2.0.49":
  version "2.0.51"
  resolved "https://registry.npm.taobao.org/@types/koa/download/@types/koa-2.0.51.tgz?cache=0&other_urls=https%3A%2F%2Fregistry.npm.taobao.org%2F%40types%2Fkoa%2Fdownload%2F%40types%2Fkoa-2.0.51.tgz#b08a57dc49e34aaf6b5cc004b5fef4b16ebe32e1"
  integrity sha1-sIpX3EnjSq9rXMAEtf70sW6+MuE=
  dependencies:
    "@types/accepts" "*"
    "@types/cookies" "*"
    "@types/http-assert" "*"
    "@types/keygrip" "*"
    "@types/koa-compose" "*"
    "@types/node" "*"

"@types/mime@*":
  version "2.0.1"
  resolved "https://registry.npm.taobao.org/@types/mime/download/@types/mime-2.0.1.tgz?cache=0&other_urls=https%3A%2F%2Fregistry.npm.taobao.org%2F%40types%2Fmime%2Fdownload%2F%40types%2Fmime-2.0.1.tgz#dc488842312a7f075149312905b5e3c0b054c79d"
  integrity sha1-3EiIQjEqfwdRSTEpBbXjwLBUx50=

"@types/node-fetch@^2.5.2":
  version "2.5.2"
  resolved "https://registry.npm.taobao.org/@types/node-fetch/download/@types/node-fetch-2.5.2.tgz#76906dea5b3d6901e50e63e15249c9bcd6e9676e"
  integrity sha1-dpBt6ls9aQHlDmPhUknJvNbpZ24=
  dependencies:
    "@types/node" "*"

"@types/node@*", "@types/node@^12.7.5":
  version "12.11.5"
  resolved "https://registry.npm.taobao.org/@types/node/download/@types/node-12.11.5.tgz#6c3c8dc84988aff11fd2a63d7b5fbf39eaaab7b1"
  integrity sha1-bDyNyEmIr/Ef0qY9e1+/Oeqqt7E=

"@types/range-parser@*":
  version "1.2.3"
  resolved "https://registry.npm.taobao.org/@types/range-parser/download/@types/range-parser-1.2.3.tgz#7ee330ba7caafb98090bece86a5ee44115904c2c"
  integrity sha1-fuMwunyq+5gJC+zoal7kQRWQTCw=

"@types/serve-static@*":
  version "1.13.3"
  resolved "https://registry.npm.taobao.org/@types/serve-static/download/@types/serve-static-1.13.3.tgz?cache=0&other_urls=https%3A%2F%2Fregistry.npm.taobao.org%2F%40types%2Fserve-static%2Fdownload%2F%40types%2Fserve-static-1.13.3.tgz#eb7e1c41c4468272557e897e9171ded5e2ded9d1"
  integrity sha1-634cQcRGgnJVfol+kXHe1eLe2dE=
  dependencies:
    "@types/express-serve-static-core" "*"
    "@types/mime" "*"

"@zcorky/delay@^1.0.1":
  version "1.0.1"
  resolved "https://registry.npm.taobao.org/@zcorky/delay/download/@zcorky/delay-1.0.1.tgz#0c968f03a8f732bb0e9a5160456a40d67232283c"
  integrity sha1-DJaPA6j3MrsOmlFgRWpA1nIyKDw=

"@zcorky/is@^1.0.6":
  version "1.0.6"
  resolved "https://registry.npm.taobao.org/@zcorky/is/download/@zcorky/is-1.0.6.tgz#81eaae678eefed93c5f6820b5a1d46613e45579d"
  integrity sha1-gequZ47v7ZPF9oILWh1GYT5FV50=

"@zcorky/moment@^1.0.12":
  version "1.0.12"
  resolved "https://registry.npm.taobao.org/@zcorky/moment/download/@zcorky/moment-1.0.12.tgz#5fcf8613dd88f9ae4ed9ff1cb047de00e70ef9bc"
  integrity sha1-X8+GE92I+a5O2f8csEfeAOcO+bw=
  dependencies:
    "@zcorky/is" "^1.0.6"

"@zcorky/query-string@^1.0.2":
  version "1.0.2"
  resolved "https://registry.npm.taobao.org/@zcorky/query-string/download/@zcorky/query-string-1.0.2.tgz#680eedfe5f01e9a444104caedf54bb6918d4c152"
  integrity sha1-aA7t/l8B6aREEEyu31S7aRjUwVI=

"@zodash/compose@^0.0.2":
  version "0.0.2"
  resolved "https://registry.npm.taobao.org/@zodash/compose/download/@zodash/compose-0.0.2.tgz#d84d8c9b4bccefae9976c6c6edc01f8eef874a5b"
  integrity sha1-2E2Mm0vM766ZdsbG7cAfju+HSls=

"@zodash/compose@^0.0.5":
  version "0.0.5"
  resolved "https://registry.npm.taobao.org/@zodash/compose/download/@zodash/compose-0.0.5.tgz#af05927073773a6139456ec64351a09240b75f93"
  integrity sha1-rwWScHN3OmE5RW7GQ1GgkkC3X5M=

"@zodash/crypto@^0.0.3":
  version "0.0.3"
  resolved "https://registry.npm.taobao.org/@zodash/crypto/download/@zodash/crypto-0.0.3.tgz#020abe9890530bb998573110706a79051371c77a"
  integrity sha1-Agq+mJBTC7mYVzEQcGp5BRNxx3o=

"@zodash/delay@^0.0.11":
  version "0.0.11"
  resolved "https://registry.npm.taobao.org/@zodash/delay/download/@zodash/delay-0.0.11.tgz#ab46f70f9899d85509f59e9f14cbcb5be37c4968"
  integrity sha1-q0b3D5iZ2FUJ9Z6fFMvLW+N8SWg=
  dependencies:
    "@zcorky/delay" "^1.0.1"

"@zodash/format@^1.0.1-alpha.11", "@zodash/format@^1.0.1-alpha.13":
  version "1.0.1-alpha.13"
  resolved "https://registry.npm.taobao.org/@zodash/format/download/@zodash/format-1.0.1-alpha.13.tgz#09f22f04ba4b70bec5e3df70e2a59fdd4c31b3d3"
  integrity sha1-CfIvBLpLcL7F499w4qWf3Uwxs9M=

"@zodash/logger@^0.0.1":
  version "0.0.1"
  resolved "https://registry.npm.taobao.org/@zodash/logger/download/@zodash/logger-0.0.1.tgz#0d91d8fb797ca427187a483a7eb662677f688e2b"
  integrity sha1-DZHY+3l8pCcYekg6frZiZ39ojis=
  dependencies:
    "@zcorky/moment" "^1.0.12"
    "@zodash/format" "^1.0.1-alpha.13"
    "@zodash/onion" "^0.0.7"

"@zodash/onion@^0.0.7":
  version "0.0.7"
  resolved "https://registry.npm.taobao.org/@zodash/onion/download/@zodash/onion-0.0.7.tgz#ab53d0cb4446c439fb0256ab906efc268a5d078e"
  integrity sha1-q1PQy0RGxDn7AlarkG78JopdB44=
  dependencies:
    "@zodash/compose" "^0.0.5"

"@zodash/uuid@^0.0.3":
  version "0.0.3"
  resolved "https://registry.npm.taobao.org/@zodash/uuid/download/@zodash/uuid-0.0.3.tgz#0f4a99dc197422a33c60f34cb99aeeaf480eefba"
  integrity sha1-D0qZ3Bl0IqM8YPNMuZrur0gO77o=

accepts@^1.3.5:
  version "1.3.7"
  resolved "https://registry.npm.taobao.org/accepts/download/accepts-1.3.7.tgz#531bc726517a3b2b41f850021c6cc15eaab507cd"
  integrity sha1-UxvHJlF6OytB+FACHGzBXqq1B80=
  dependencies:
    mime-types "~2.1.24"
    negotiator "0.6.2"

any-promise@^1.1.0:
  version "1.3.0"
  resolved "https://registry.npm.taobao.org/any-promise/download/any-promise-1.3.0.tgz#abc6afeedcea52e809cdc0376aed3ce39635d17f"
  integrity sha1-q8av7tzqUugJzcA3au0845Y10X8=

basic-auth@^2.0.1:
  version "2.0.1"
  resolved "https://registry.npm.taobao.org/basic-auth/download/basic-auth-2.0.1.tgz#b998279bf47ce38344b4f3cf916d4679bbf51e3a"
  integrity sha1-uZgnm/R844NEtPPPkW1Gebv1Hjo=
  dependencies:
    safe-buffer "5.1.2"

bytes@3.1.0:
  version "3.1.0"
  resolved "https://registry.npm.taobao.org/bytes/download/bytes-3.1.0.tgz#f6cf7933a360e0588fa9fde85651cdc7f805d1f6"
  integrity sha1-9s95M6Ng4FiPqf3oVlHNx/gF0fY=

cache-content-type@^1.0.0:
  version "1.0.1"
  resolved "https://registry.npm.taobao.org/cache-content-type/download/cache-content-type-1.0.1.tgz#035cde2b08ee2129f4a8315ea8f00a00dba1453c"
  integrity sha1-A1zeKwjuISn0qDFeqPAKANuhRTw=
  dependencies:
    mime-types "^2.1.18"
    ylru "^1.2.0"

co-body@^6.0.0:
  version "6.0.0"
  resolved "https://registry.npm.taobao.org/co-body/download/co-body-6.0.0.tgz#965b9337d7f5655480787471f4237664820827e3"
  integrity sha1-lluTN9f1ZVSAeHRx9CN2ZIIIJ+M=
  dependencies:
    inflation "^2.0.0"
    qs "^6.5.2"
    raw-body "^2.3.3"
    type-is "^1.6.16"

co@^4.6.0:
  version "4.6.0"
  resolved "https://registry.npm.taobao.org/co/download/co-4.6.0.tgz#6ea6bdf3d853ae54ccb8e47bfa0bf3f9031fb184"
  integrity sha1-bqa989hTrlTMuOR7+gvz+QMfsYQ=

content-disposition@~0.5.2:
  version "0.5.3"
  resolved "https://registry.npm.taobao.org/content-disposition/download/content-disposition-0.5.3.tgz#e130caf7e7279087c5616c2007d0485698984fbd"
  integrity sha1-4TDK9+cnkIfFYWwgB9BIVpiYT70=
  dependencies:
    safe-buffer "5.1.2"

content-type@^1.0.4:
  version "1.0.4"
  resolved "https://registry.npm.taobao.org/content-type/download/content-type-1.0.4.tgz#e138cc75e040c727b1966fe5e5f8c9aee256fe3b"
  integrity sha1-4TjMdeBAxyexlm/l5fjJruJW/js=

cookies@~0.8.0:
  version "0.8.0"
  resolved "https://registry.npm.taobao.org/cookies/download/cookies-0.8.0.tgz?cache=0&sync_timestamp=1570851324736&other_urls=https%3A%2F%2Fregistry.npm.taobao.org%2Fcookies%2Fdownload%2Fcookies-0.8.0.tgz#1293ce4b391740a8406e3c9870e828c4b54f3f90"
  integrity sha1-EpPOSzkXQKhAbjyYcOgoxLVPP5A=
  dependencies:
    depd "~2.0.0"
    keygrip "~1.1.0"

data-uri-to-buffer@^4.0.0:
  version "4.0.0"
  resolved "https://registry.yarnpkg.com/data-uri-to-buffer/-/data-uri-to-buffer-4.0.0.tgz#b5db46aea50f6176428ac05b73be39a57701a64b"
  integrity sha512-Vr3mLBA8qWmcuschSLAOogKgQ/Jwxulv3RNE4FXnYWRGujzrRWQI4m12fQqRkwX06C0KanhLr4hK+GydchZsaA==

debug@~3.1.0:
  version "3.1.0"
  resolved "https://registry.npm.taobao.org/debug/download/debug-3.1.0.tgz#5bb5a0672628b64149566ba16819e61518c67261"
  integrity sha1-W7WgZyYotkFJVmuhaBnmFRjGcmE=
  dependencies:
    ms "2.0.0"

deep-equal@~1.0.1:
  version "1.0.1"
  resolved "https://registry.npm.taobao.org/deep-equal/download/deep-equal-1.0.1.tgz#f5d260292b660e084eff4cdbc9f08ad3247448b5"
  integrity sha1-9dJgKStmDghO/0zbyfCK0yR0SLU=

delegates@^1.0.0:
  version "1.0.0"
  resolved "https://registry.npm.taobao.org/delegates/download/delegates-1.0.0.tgz#84c6e159b81904fdca59a0ef44cd870d31250f9a"
  integrity sha1-hMbhWbgZBP3KWaDvRM2HDTElD5o=

depd@^1.1.2, depd@~1.1.2:
  version "1.1.2"
  resolved "https://registry.npm.taobao.org/depd/download/depd-1.1.2.tgz#9bcd52e14c097763e749b274c4346ed2e560b5a9"
  integrity sha1-m81S4UwJd2PnSbJ0xDRu0uVgtak=

depd@~2.0.0:
  version "2.0.0"
  resolved "https://registry.npm.taobao.org/depd/download/depd-2.0.0.tgz#b696163cc757560d09cf22cc8fad1571b79e76df"
  integrity sha1-tpYWPMdXVg0JzyLMj60Vcbeedt8=

destroy@^1.0.4:
  version "1.0.4"
  resolved "https://registry.npm.taobao.org/destroy/download/destroy-1.0.4.tgz#978857442c44749e4206613e37946205826abd80"
  integrity sha1-l4hXRCxEdJ5CBmE+N5RiBYJqvYA=

ee-first@1.1.1:
  version "1.1.1"
  resolved "https://registry.npm.taobao.org/ee-first/download/ee-first-1.1.1.tgz#590c61156b0ae2f4f0255732a158b266bc56b21d"
  integrity sha1-WQxhFWsK4vTwJVcyoViyZrxWsh0=

encodeurl@^1.0.2:
  version "1.0.2"
  resolved "https://registry.npm.taobao.org/encodeurl/download/encodeurl-1.0.2.tgz#ad3ff4c86ec2d029322f5a02c3a9a606c95b3f59"
  integrity sha1-rT/0yG7C0CkyL1oCw6mmBslbP1k=

error-inject@^1.0.0:
  version "1.0.0"
  resolved "https://registry.npm.taobao.org/error-inject/download/error-inject-1.0.0.tgz#e2b3d91b54aed672f309d950d154850fa11d4f37"
  integrity sha1-4rPZG1Su1nLzCdlQ0VSFD6EdTzc=

escape-html@^1.0.3:
  version "1.0.3"
  resolved "https://registry.npm.taobao.org/escape-html/download/escape-html-1.0.3.tgz#0258eae4d3d0c0974de1c169188ef0051d1d1988"
  integrity sha1-Aljq5NPQwJdN4cFpGI7wBR0dGYg=

fetch-blob@^3.1.2, fetch-blob@^3.1.3:
  version "3.1.4"
  resolved "https://registry.yarnpkg.com/fetch-blob/-/fetch-blob-3.1.4.tgz#e8c6567f80ad7fc22fd302e7dcb72bafde9c1717"
  integrity sha512-Eq5Xv5+VlSrYWEqKrusxY1C3Hm/hjeAsCGVG3ft7pZahlUAChpGZT/Ms1WmSLnEAisEXszjzu/s+ce6HZB2VHA==
  dependencies:
    node-domexception "^1.0.0"
    web-streams-polyfill "^3.0.3"

formdata-polyfill@^4.0.10:
  version "4.0.10"
  resolved "https://registry.yarnpkg.com/formdata-polyfill/-/formdata-polyfill-4.0.10.tgz#24807c31c9d402e002ab3d8c720144ceb8848423"
  integrity sha512-buewHzMvYL29jdeQTVILecSaZKnt/RJWjoZCF5OW60Z67/GmSLBkOFM7qh1PI3zFNtJbaZL5eQu1vLfazOwj4g==
  dependencies:
    fetch-blob "^3.1.2"

formidable@^1.2.1:
  version "1.2.1"
  resolved "https://registry.npm.taobao.org/formidable/download/formidable-1.2.1.tgz#70fb7ca0290ee6ff961090415f4b3df3d2082659"
  integrity sha1-cPt8oCkO5v+WEJBBX0s989IIJlk=

fresh@~0.5.2:
  version "0.5.2"
  resolved "https://registry.npm.taobao.org/fresh/download/fresh-0.5.2.tgz#3d8cadd90d976569fa835ab1f8e4b23a105605a7"
  integrity sha1-PYyt2Q2XZWn6g1qx+OSyOhBWBac=

http-assert@^1.3.0:
  version "1.4.1"
  resolved "https://registry.npm.taobao.org/http-assert/download/http-assert-1.4.1.tgz#c5f725d677aa7e873ef736199b89686cceb37878"
  integrity sha1-xfcl1neqfoc+9zYZm4lobM6zeHg=
  dependencies:
    deep-equal "~1.0.1"
    http-errors "~1.7.2"

http-errors@1.7.3, http-errors@^1.6.3, http-errors@~1.7.2:
  version "1.7.3"
  resolved "https://registry.npm.taobao.org/http-errors/download/http-errors-1.7.3.tgz?cache=0&sync_timestamp=1561418493658&other_urls=https%3A%2F%2Fregistry.npm.taobao.org%2Fhttp-errors%2Fdownload%2Fhttp-errors-1.7.3.tgz#6c619e4f9c60308c38519498c14fbb10aacebb06"
  integrity sha1-bGGeT5xgMIw4UZSYwU+7EKrOuwY=
  dependencies:
    depd "~1.1.2"
    inherits "2.0.4"
    setprototypeof "1.1.1"
    statuses ">= 1.5.0 < 2"
    toidentifier "1.0.0"

iconv-lite@0.4.24:
  version "0.4.24"
  resolved "https://registry.npm.taobao.org/iconv-lite/download/iconv-lite-0.4.24.tgz#2022b4b25fbddc21d2f524974a474aafe733908b"
  integrity sha1-ICK0sl+93CHS9SSXSkdKr+czkIs=
  dependencies:
    safer-buffer ">= 2.1.2 < 3"

inflation@^2.0.0:
  version "2.0.0"
  resolved "https://registry.npm.taobao.org/inflation/download/inflation-2.0.0.tgz#8b417e47c28f925a45133d914ca1fd389107f30f"
  integrity sha1-i0F+R8KPklpFEz2RTKH9OJEH8w8=

inherits@2.0.4:
  version "2.0.4"
  resolved "https://registry.npm.taobao.org/inherits/download/inherits-2.0.4.tgz?cache=0&other_urls=https%3A%2F%2Fregistry.npm.taobao.org%2Finherits%2Fdownload%2Finherits-2.0.4.tgz#0fa2c64f932917c3433a0ded55363aae37416b7c"
  integrity sha1-D6LGT5MpF8NDOg3tVTY6rjdBa3w=

is-generator-function@^1.0.7:
  version "1.0.7"
  resolved "https://registry.npm.taobao.org/is-generator-function/download/is-generator-function-1.0.7.tgz#d2132e529bb0000a7f80794d4bdf5cd5e5813522"
  integrity sha1-0hMuUpuwAAp/gHlNS99c1eWBNSI=

json5@^1.0.1:
  version "1.0.1"
  resolved "https://registry.npm.taobao.org/json5/download/json5-1.0.1.tgz#779fb0018604fa854eacbf6252180d83543e3dbe"
  integrity sha1-d5+wAYYE+oVOrL9iUhgNg1Q+Pb4=
  dependencies:
    minimist "^1.2.0"

keygrip@~1.1.0:
  version "1.1.0"
  resolved "https://registry.npm.taobao.org/keygrip/download/keygrip-1.1.0.tgz#871b1681d5e159c62a445b0c74b615e0917e7226"
  integrity sha1-hxsWgdXhWcYqRFsMdLYV4JF+ciY=
  dependencies:
    tsscmp "1.0.6"

koa-compose@^3.0.0:
  version "3.2.1"
  resolved "https://registry.npm.taobao.org/koa-compose/download/koa-compose-3.2.1.tgz#a85ccb40b7d986d8e5a345b3a1ace8eabcf54de7"
  integrity sha1-qFzLQLfZhtjlo0Wzoazo6rz1Tec=
  dependencies:
    any-promise "^1.1.0"

koa-compose@^4.1.0:
  version "4.1.0"
  resolved "https://registry.npm.taobao.org/koa-compose/download/koa-compose-4.1.0.tgz#507306b9371901db41121c812e923d0d67d3e877"
  integrity sha1-UHMGuTcZAdtBEhyBLpI9DWfT6Hc=

koa-convert@^1.2.0:
  version "1.2.0"
  resolved "https://registry.npm.taobao.org/koa-convert/download/koa-convert-1.2.0.tgz#da40875df49de0539098d1700b50820cebcd21d0"
  integrity sha1-2kCHXfSd4FOQmNFwC1CCDOvNIdA=
  dependencies:
    co "^4.6.0"
    koa-compose "^3.0.0"

koa-is-json@^1.0.0:
  version "1.0.0"
  resolved "https://registry.npm.taobao.org/koa-is-json/download/koa-is-json-1.0.0.tgz#273c07edcdcb8df6a2c1ab7d59ee76491451ec14"
  integrity sha1-JzwH7c3Ljfaiwat9We52SRRR7BQ=

koa@^2.8.1:
  version "2.10.0"
  resolved "https://registry.npm.taobao.org/koa/download/koa-2.10.0.tgz?cache=0&other_urls=https%3A%2F%2Fregistry.npm.taobao.org%2Fkoa%2Fdownload%2Fkoa-2.10.0.tgz#86a583ff280896dce3a36b0b6dae80f9559240d3"
  integrity sha1-hqWD/ygIltzjo2sLba6A+VWSQNM=
  dependencies:
    accepts "^1.3.5"
    cache-content-type "^1.0.0"
    content-disposition "~0.5.2"
    content-type "^1.0.4"
    cookies "~0.8.0"
    debug "~3.1.0"
    delegates "^1.0.0"
    depd "^1.1.2"
    destroy "^1.0.4"
    encodeurl "^1.0.2"
    error-inject "^1.0.0"
    escape-html "^1.0.3"
    fresh "~0.5.2"
    http-assert "^1.3.0"
    http-errors "^1.6.3"
    is-generator-function "^1.0.7"
    koa-compose "^4.1.0"
    koa-convert "^1.2.0"
    koa-is-json "^1.0.0"
    on-finished "^2.3.0"
    only "~0.0.2"
    parseurl "^1.3.2"
    statuses "^1.5.0"
    type-is "^1.6.16"
    vary "^1.1.2"

media-typer@0.3.0:
  version "0.3.0"
  resolved "https://registry.npm.taobao.org/media-typer/download/media-typer-0.3.0.tgz#8710d7af0aa626f8fffa1ce00168545263255748"
  integrity sha1-hxDXrwqmJvj/+hzgAWhUUmMlV0g=

mime-db@1.40.0:
  version "1.40.0"
  resolved "https://registry.npm.taobao.org/mime-db/download/mime-db-1.40.0.tgz?cache=0&sync_timestamp=1569468742433&other_urls=https%3A%2F%2Fregistry.npm.taobao.org%2Fmime-db%2Fdownload%2Fmime-db-1.40.0.tgz#a65057e998db090f732a68f6c276d387d4126c32"
  integrity sha1-plBX6ZjbCQ9zKmj2wnbTh9QSbDI=

mime-types@^2.1.18, mime-types@~2.1.24:
  version "2.1.24"
  resolved "https://registry.npm.taobao.org/mime-types/download/mime-types-2.1.24.tgz#b6f8d0b3e951efb77dedeca194cff6d16f676f81"
  integrity sha1-tvjQs+lR77d97eyhlM/20W9nb4E=
  dependencies:
    mime-db "1.40.0"

minimist@^1.2.0:
  version "1.2.5"
  resolved "https://registry.yarnpkg.com/minimist/-/minimist-1.2.5.tgz#67d66014b66a6a8aaa0c083c5fd58df4e4e97602"
  integrity sha512-FM9nNUYrRBAELZQT3xeZQ7fmMOBg6nWNmJKTcgsJeaLstP/UODVpGsr5OhXhhXg6f+qtJ8uiZ+PUxkDWcgIXLw==

ms@2.0.0:
  version "2.0.0"
  resolved "https://registry.npm.taobao.org/ms/download/ms-2.0.0.tgz#5608aeadfc00be6c2901df5f9861788de0d597c8"
  integrity sha1-VgiurfwAvmwpAd9fmGF4jeDVl8g=

negotiator@0.6.2:
  version "0.6.2"
  resolved "https://registry.npm.taobao.org/negotiator/download/negotiator-0.6.2.tgz#feacf7ccf525a77ae9634436a64883ffeca346fb"
  integrity sha1-/qz3zPUlp3rpY0Q2pkiD/+yjRvs=

node-domexception@^1.0.0:
  version "1.0.0"
  resolved "https://registry.yarnpkg.com/node-domexception/-/node-domexception-1.0.0.tgz#6888db46a1f71c0b76b3f7555016b63fe64766e5"
  integrity sha512-/jKZoMpw0F8GRwl4/eLROPA3cfcXtLApP0QzLmUT/HuPCZWyB7IY9ZrMeKw2O/nFIqPQB3PVM9aYm0F312AXDQ==

node-fetch@^2.6.0:
  version "2.6.1"
  resolved "https://registry.yarnpkg.com/node-fetch/-/node-fetch-2.6.1.tgz#045bd323631f76ed2e2b55573394416b639a0052"
  integrity sha512-V4aYg89jEoVRxRb2fJdAg8FHvI7cEyYdVAh94HH0UIK8oJxUfkjlDQN9RbMx+bEjP7+ggMiFRprSti032Oipxw==

node-fetch@^3.1.1:
  version "3.1.1"
  resolved "https://registry.yarnpkg.com/node-fetch/-/node-fetch-3.1.1.tgz#d0d9607e455b3087e3092b821b5b1f1ebf4c2147"
  integrity sha512-SMk+vKgU77PYotRdWzqZGTZeuFKlsJ0hu4KPviQKkfY+N3vn2MIzr0rvpnYpR8MtB3IEuhlEcuOLbGvLRlA+yg==
  dependencies:
    data-uri-to-buffer "^4.0.0"
    fetch-blob "^3.1.3"
    formdata-polyfill "^4.0.10"

on-finished@^2.3.0:
  version "2.3.0"
  resolved "https://registry.npm.taobao.org/on-finished/download/on-finished-2.3.0.tgz#20f1336481b083cd75337992a16971aa2d906947"
  integrity sha1-IPEzZIGwg811M3mSoWlxqi2QaUc=
  dependencies:
    ee-first "1.1.1"

only@~0.0.2:
  version "0.0.2"
  resolved "https://registry.npm.taobao.org/only/download/only-0.0.2.tgz#2afde84d03e50b9a8edc444e30610a70295edfb4"
  integrity sha1-Kv3oTQPlC5qO3EROMGEKcCle37Q=

parseurl@^1.3.2:
  version "1.3.3"
  resolved "https://registry.npm.taobao.org/parseurl/download/parseurl-1.3.3.tgz#9da19e7bee8d12dff0513ed5b76957793bc2e8d4"
  integrity sha1-naGee+6NEt/wUT7Vt2lXeTvC6NQ=

path-to-regexp@^3.1.0:
  version "3.1.0"
  resolved "https://registry.npm.taobao.org/path-to-regexp/download/path-to-regexp-3.1.0.tgz?cache=0&other_urls=https%3A%2F%2Fregistry.npm.taobao.org%2Fpath-to-regexp%2Fdownload%2Fpath-to-regexp-3.1.0.tgz#f45a9cc4dc6331ae8f131e0ce4fde8607f802367"
  integrity sha1-9FqcxNxjMa6PEx4M5P3oYH+AI2c=

qs@^6.5.2:
  version "6.9.0"
  resolved "https://registry.npm.taobao.org/qs/download/qs-6.9.0.tgz#d1297e2a049c53119cb49cca366adbbacc80b409"
  integrity sha1-0Sl+KgScUxGctJzKNmrbusyAtAk=

raw-body@^2.3.3:
  version "2.4.1"
  resolved "https://registry.npm.taobao.org/raw-body/download/raw-body-2.4.1.tgz#30ac82f98bb5ae8c152e67149dac8d55153b168c"
  integrity sha1-MKyC+Yu1rowVLmcUnayNVRU7Fow=
  dependencies:
    bytes "3.1.0"
    http-errors "1.7.3"
    iconv-lite "0.4.24"
    unpipe "1.0.0"

safe-buffer@5.1.2:
  version "5.1.2"
  resolved "https://registry.npm.taobao.org/safe-buffer/download/safe-buffer-5.1.2.tgz?cache=0&sync_timestamp=1562377642757&other_urls=https%3A%2F%2Fregistry.npm.taobao.org%2Fsafe-buffer%2Fdownload%2Fsafe-buffer-5.1.2.tgz#991ec69d296e0313747d59bdfd2b745c35f8828d"
  integrity sha1-mR7GnSluAxN0fVm9/St0XDX4go0=

"safer-buffer@>= 2.1.2 < 3":
  version "2.1.2"
  resolved "https://registry.npm.taobao.org/safer-buffer/download/safer-buffer-2.1.2.tgz?cache=0&other_urls=https%3A%2F%2Fregistry.npm.taobao.org%2Fsafer-buffer%2Fdownload%2Fsafer-buffer-2.1.2.tgz#44fa161b0187b9549dd84bb91802f9bd8385cd6a"
  integrity sha1-RPoWGwGHuVSd2Eu5GAL5vYOFzWo=

setprototypeof@1.1.1:
  version "1.1.1"
  resolved "https://registry.npm.taobao.org/setprototypeof/download/setprototypeof-1.1.1.tgz#7e95acb24aa92f5885e0abef5ba131330d4ae683"
  integrity sha1-fpWsskqpL1iF4KvvW6ExMw1K5oM=

"statuses@>= 1.5.0 < 2", statuses@^1.5.0:
  version "1.5.0"
  resolved "https://registry.npm.taobao.org/statuses/download/statuses-1.5.0.tgz#161c7dac177659fd9811f43771fa99381478628c"
  integrity sha1-Fhx9rBd2Wf2YEfQ3cfqZOBR4Yow=

strip-bom@^3.0.0:
  version "3.0.0"
  resolved "https://registry.npm.taobao.org/strip-bom/download/strip-bom-3.0.0.tgz#2334c18e9c759f7bdd56fdef7e9ae3d588e68ed3"
  integrity sha1-IzTBjpx1n3vdVv3vfprj1YjmjtM=

toidentifier@1.0.0:
  version "1.0.0"
  resolved "https://registry.npm.taobao.org/toidentifier/download/toidentifier-1.0.0.tgz#7e1be3470f1e77948bc43d94a3c8f4d7752ba553"
  integrity sha1-fhvjRw8ed5SLxD2Uo8j013UrpVM=

tsconfig-paths@^3.9.0:
  version "3.9.0"
  resolved "https://registry.npm.taobao.org/tsconfig-paths/download/tsconfig-paths-3.9.0.tgz#098547a6c4448807e8fcb8eae081064ee9a3c90b"
  integrity sha1-CYVHpsREiAfo/Ljq4IEGTumjyQs=
  dependencies:
    "@types/json5" "^0.0.29"
    json5 "^1.0.1"
    minimist "^1.2.0"
    strip-bom "^3.0.0"

tsscmp@1.0.6:
  version "1.0.6"
  resolved "https://registry.npm.taobao.org/tsscmp/download/tsscmp-1.0.6.tgz#85b99583ac3589ec4bfef825b5000aa911d605eb"
  integrity sha1-hbmVg6w1iexL/vgltQAKqRHWBes=

type-is@^1.6.16:
  version "1.6.18"
  resolved "https://registry.npm.taobao.org/type-is/download/type-is-1.6.18.tgz#4e552cd05df09467dcbc4ef739de89f2cf37c131"
  integrity sha1-TlUs0F3wlGfcvE73Od6J8s83wTE=
  dependencies:
    media-typer "0.3.0"
    mime-types "~2.1.24"

typescript@^3.6.3:
  version "3.6.4"
  resolved "https://registry.npm.taobao.org/typescript/download/typescript-3.6.4.tgz#b18752bb3792bc1a0281335f7f6ebf1bbfc5b91d"
  integrity sha1-sYdSuzeSvBoCgTNff26/G7/FuR0=

unpipe@1.0.0:
  version "1.0.0"
  resolved "https://registry.npm.taobao.org/unpipe/download/unpipe-1.0.0.tgz#b2bf4ee8514aae6165b4817829d21b2ef49904ec"
  integrity sha1-sr9O6FFKrmFltIF4KdIbLvSZBOw=

vary@^1.1.2:
  version "1.1.2"
  resolved "https://registry.npm.taobao.org/vary/download/vary-1.1.2.tgz#2299f02c6ded30d4a5961b0b9f74524a18f634fc"
  integrity sha1-IpnwLG3tMNSllhsLn3RSShj2NPw=

web-streams-polyfill@^3.0.3:
  version "3.2.0"
  resolved "https://registry.yarnpkg.com/web-streams-polyfill/-/web-streams-polyfill-3.2.0.tgz#a6b74026b38e4885869fb5c589e90b95ccfc7965"
  integrity sha512-EqPmREeOzttaLRm5HS7io98goBgZ7IVz79aDvqjD0kYXLtFZTc0T/U6wHTPKyIjb+MdN7DFIIX6hgdBEpWmfPA==

ylru@^1.2.0:
  version "1.2.1"
  resolved "https://registry.npm.taobao.org/ylru/download/ylru-1.2.1.tgz#f576b63341547989c1de7ba288760923b27fe84f"
  integrity sha1-9Xa2M0FUeYnB3nuiiHYJI7J/6E8=
